{
  "originHash" : "cf3e9a92d76be19a4ea71c7f8fca2ae296c0a0b4c2cd171df854cd3cb5ad0b15",
  "pins" : [
    {
      "identity" : "smile",
      "kind" : "remoteSourceControl",
      "location" : "https://github.com/onmyway133/Smile.git",
      "state" : {
        "revision" : "40604722a7a56f735124e069fcbb58307637744b",
        "version" : "2.1.0"
      }
    }
  ],
  "version" : 3
}
